
Microsoft Visual Studio Solution File, Format Version 12.00
# Visual Studio Version 17
VisualStudioVersion = 17.14.36915.13
MinimumVisualStudioVersion = 10.0.40219.1
Project("{FAE04EC0-301F-11D3-BF4B-00C04F79EFBC}") = "EduApp", "EduApp\EduApp.csproj", "{CED4B756-B364-4F45-AF1B-119EF3820EB4}"
EndProject
Project("{FAE04EC0-301F-11D3-BF4B-00C04F79EFBC}") = "QuizApp", "QuizApp\QuizApp.csproj", "{B09F7C87-D73E-4343-AA40-6C4FF948B47E}"
EndProject
Global
	GlobalSection(SolutionConfigurationPlatforms) = preSolution
		Debug|Any CPU = Debug|Any CPU
		Release|Any CPU = Release|Any CPU
	EndGlobalSection
	GlobalSection(ProjectConfigurationPlatforms) = postSolution
		{CED4B756-B364-4F45-AF1B-119EF3820EB4}.Debug|Any CPU.ActiveCfg = Debug|Any CPU
		{CED4B756-B364-4F45-AF1B-119EF3820EB4}.Debug|Any CPU.Build.0 = Debug|Any CPU
		{CED4B756-B364-4F45-AF1B-119EF3820EB4}.Release|Any CPU.ActiveCfg = Release|Any CPU
		{CED4B756-B364-4F45-AF1B-119EF3820EB4}.Release|Any CPU.Build.0 = Release|Any CPU
		{B09F7C87-D73E-4343-AA40-6C4FF948B47E}.Debug|Any CPU.ActiveCfg = Debug|Any CPU
		{B09F7C87-D73E-4343-AA40-6C4FF948B47E}.Debug|Any CPU.Build.0 = Debug|Any CPU
		{B09F7C87-D73E-4343-AA40-6C4FF948B47E}.Release|Any CPU.ActiveCfg = Release|Any CPU
		{B09F7C87-D73E-4343-AA40-6C4FF948B47E}.Release|Any CPU.Build.0 = Release|Any CPU
	EndGlobalSection
	GlobalSection(SolutionProperties) = preSolution
		HideSolutionNode = FALSE
	EndGlobalSection
	GlobalSection(ExtensibilityGlobals) = postSolution
		SolutionGuid = {CEF9C535-34C5-4CF8-B0C9-10D373CB5A83}
	EndGlobalSection
EndGlobal
